
Microsoft Visual Studio Solution File, Format Version 12.00
# Visual Studio Version 17
VisualStudioVersion = 17.9.34701.34
MinimumVisualStudioVersion = 10.0.40219.1
Project("{9A19103F-16F7-4668-BE54-9A1E7A4F7556}") = "Api", "Api\Api.csproj", "{D5C53F9D-4B67-4848-A3D2-C033EE5CDF1B}"
EndProject
Project("{9A19103F-16F7-4668-BE54-9A1E7A4F7556}") = "Infrastructure", "Infrastructure\Infrastructure.csproj", "{CAD8AF6B-6127-4C4A-8E2F-3B905BD271C3}"
EndProject
Project("{FAE04EC0-301F-11D3-BF4B-00C04F79EFBC}") = "Business", "Business\Business.csproj", "{C0B34CF3-0445-46DB-B149-E275431210C4}"
EndProject
Global
	GlobalSection(SolutionConfigurationPlatforms) = preSolution
		Debug|Any CPU = Debug|Any CPU
		Release|Any CPU = Release|Any CPU
	EndGlobalSection
	GlobalSection(ProjectConfigurationPlatforms) = postSolution
		{D5C53F9D-4B67-4848-A3D2-C033EE5CDF1B}.Debug|Any CPU.ActiveCfg = Debug|Any CPU
		{D5C53F9D-4B67-4848-A3D2-C033EE5CDF1B}.Debug|Any CPU.Build.0 = Debug|Any CPU
		{D5C53F9D-4B67-4848-A3D2-C033EE5CDF1B}.Release|Any CPU.ActiveCfg = Release|Any CPU
		{D5C53F9D-4B67-4848-A3D2-C033EE5CDF1B}.Release|Any CPU.Build.0 = Release|Any CPU
		{CAD8AF6B-6127-4C4A-8E2F-3B905BD271C3}.Debug|Any CPU.ActiveCfg = Debug|Any CPU
		{CAD8AF6B-6127-4C4A-8E2F-3B905BD271C3}.Debug|Any CPU.Build.0 = Debug|Any CPU
		{CAD8AF6B-6127-4C4A-8E2F-3B905BD271C3}.Release|Any CPU.ActiveCfg = Release|Any CPU
		{CAD8AF6B-6127-4C4A-8E2F-3B905BD271C3}.Release|Any CPU.Build.0 = Release|Any CPU
		{C0B34CF3-0445-46DB-B149-E275431210C4}.Debug|Any CPU.ActiveCfg = Debug|Any CPU
		{C0B34CF3-0445-46DB-B149-E275431210C4}.Debug|Any CPU.Build.0 = Debug|Any CPU
		{C0B34CF3-0445-46DB-B149-E275431210C4}.Release|Any CPU.ActiveCfg = Release|Any CPU
		{C0B34CF3-0445-46DB-B149-E275431210C4}.Release|Any CPU.Build.0 = Release|Any CPU
	EndGlobalSection
	GlobalSection(SolutionProperties) = preSolution
		HideSolutionNode = FALSE
	EndGlobalSection
	GlobalSection(ExtensibilityGlobals) = postSolution
		SolutionGuid = {5A20994A-56C2-4908-9742-167136AB76B6}
	EndGlobalSection
EndGlobal
